// !$*UTF8*$!
{
	archiveVersion = 1;
	classes = {
	};
	objectVersion = 46;
	objects = {

/* Begin PBXBuildFile section */
		6487E15C19CA8A6E005F1F8C /* appicon-58.png in Resources */ = {isa = PBXBuildFile; fileRef = 6487E15B19CA8A6E005F1F8C /* appicon-58.png */; };
		6489CCFD19C4D1EA002226F4 /* main.m in Sources */ = {isa = PBXBuildFile; fileRef = 6489CCFC19C4D1EA002226F4 /* main.m */; };
		6489CD0819C4D1EA002226F4 /* Images.xcassets in Resources */ = {isa = PBXBuildFile; fileRef = 6489CD0719C4D1EA002226F4 /* Images.xcassets */; };
		6489CD0B19C4D1EA002226F4 /* LaunchScreen.xib in Resources */ = {isa = PBXBuildFile; fileRef = 6489CD0919C4D1EA002226F4 /* LaunchScreen.xib */; };
		6489CD1719C4D1EA002226F4 /* DataTransparency2014Tests.m in Sources */ = {isa = PBXBuildFile; fileRef = 6489CD1619C4D1EA002226F4 /* DataTransparency2014Tests.m */; };
		6498A28219C4D79F008F0C5D /* appicon-114.png in Resources */ = {isa = PBXBuildFile; fileRef = 6498A26819C4D79F008F0C5D /* appicon-114.png */; };
		6498A28319C4D79F008F0C5D /* appicon-120.png in Resources */ = {isa = PBXBuildFile; fileRef = 6498A26919C4D79F008F0C5D /* appicon-120.png */; };
		6498A28419C4D79F008F0C5D /* appicon-57.png in Resources */ = {isa = PBXBuildFile; fileRef = 6498A26A19C4D79F008F0C5D /* appicon-57.png */; };
		6498A28519C4D79F008F0C5D /* home-tabbaricon.png in Resources */ = {isa = PBXBuildFile; fileRef = 6498A26B19C4D79F008F0C5D /* home-tabbaricon.png */; };
		6498A28619C4D79F008F0C5D /* home-tabbaricon@2x.png in Resources */ = {isa = PBXBuildFile; fileRef = 6498A26C19C4D79F008F0C5D /* home-tabbaricon@2x.png */; };
		6498A28719C4D79F008F0C5D /* iTunesArtwork.png in Resources */ = {isa = PBXBuildFile; fileRef = 6498A26D19C4D79F008F0C5D /* iTunesArtwork.png */; };
		6498A28819C4D79F008F0C5D /* iTunesArtwork@2x.png in Resources */ = {isa = PBXBuildFile; fileRef = 6498A26E19C4D79F008F0C5D /* iTunesArtwork@2x.png */; };
		6498A28919C4D79F008F0C5D /* map-tabbaricon.png in Resources */ = {isa = PBXBuildFile; fileRef = 6498A26F19C4D79F008F0C5D /* map-tabbaricon.png */; };
		6498A28A19C4D79F008F0C5D /* map-tabbaricon@2x.png in Resources */ = {isa = PBXBuildFile; fileRef = 6498A27019C4D79F008F0C5D /* map-tabbaricon@2x.png */; };
		6498A28B19C4D79F008F0C5D /* news-tabbaricon.png in Resources */ = {isa = PBXBuildFile; fileRef = 6498A27119C4D79F008F0C5D /* news-tabbaricon.png */; };
		6498A28C19C4D79F008F0C5D /* news-tabbaricon@2x.png in Resources */ = {isa = PBXBuildFile; fileRef = 6498A27219C4D79F008F0C5D /* news-tabbaricon@2x.png */; };
		6498A28D19C4D79F008F0C5D /* noun_project_1331.png in Resources */ = {isa = PBXBuildFile; fileRef = 6498A27319C4D79F008F0C5D /* noun_project_1331.png */; };
		6498A28E19C4D79F008F0C5D /* noun_project_1331@2x.png in Resources */ = {isa = PBXBuildFile; fileRef = 6498A27419C4D79F008F0C5D /* noun_project_1331@2x.png */; };
		6498A28F19C4D79F008F0C5D /* program-tabbaricon.png in Resources */ = {isa = PBXBuildFile; fileRef = 6498A27519C4D79F008F0C5D /* program-tabbaricon.png */; };
		6498A29019C4D79F008F0C5D /* program-tabbaricon@2x.png in Resources */ = {isa = PBXBuildFile; fileRef = 6498A27619C4D79F008F0C5D /* program-tabbaricon@2x.png */; };
		6498A29119C4D79F008F0C5D /* sponsor_icon_900.png in Resources */ = {isa = PBXBuildFile; fileRef = 6498A27719C4D79F008F0C5D /* sponsor_icon_900.png */; };
		6498A29219C4D79F008F0C5D /* sponsor_icon_900@2x.png in Resources */ = {isa = PBXBuildFile; fileRef = 6498A27819C4D79F008F0C5D /* sponsor_icon_900@2x.png */; };
		6498A29319C4D79F008F0C5D /* twitter-bird-light-bgs.png in Resources */ = {isa = PBXBuildFile; fileRef = 6498A27919C4D79F008F0C5D /* twitter-bird-light-bgs.png */; };
		6498A29419C4D79F008F0C5D /* twitter-bird-light-bgs@2x.png in Resources */ = {isa = PBXBuildFile; fileRef = 6498A27A19C4D79F008F0C5D /* twitter-bird-light-bgs@2x.png */; };
		6498A29519C4D79F008F0C5D /* UIButtonBarArrowLeft.png in Resources */ = {isa = PBXBuildFile; fileRef = 6498A27B19C4D79F008F0C5D /* UIButtonBarArrowLeft.png */; };
		6498A29619C4D79F008F0C5D /* UIButtonBarArrowLeft@2x.png in Resources */ = {isa = PBXBuildFile; fileRef = 6498A27C19C4D79F008F0C5D /* UIButtonBarArrowLeft@2x.png */; };
		6498A29719C4D79F008F0C5D /* UIButtonBarArrowRight.png in Resources */ = {isa = PBXBuildFile; fileRef = 6498A27D19C4D79F008F0C5D /* UIButtonBarArrowRight.png */; };
		6498A29819C4D79F008F0C5D /* UIButtonBarArrowRight@2x.png in Resources */ = {isa = PBXBuildFile; fileRef = 6498A27E19C4D79F008F0C5D /* UIButtonBarArrowRight@2x.png */; };
		6498A29B19C4D827008F0C5D /* AppDelegate.m in Sources */ = {isa = PBXBuildFile; fileRef = 6498A29A19C4D827008F0C5D /* AppDelegate.m */; };
		6498A2A019C4D834008F0C5D /* CustomNavigationViewController.m in Sources */ = {isa = PBXBuildFile; fileRef = 6498A29D19C4D834008F0C5D /* CustomNavigationViewController.m */; };
		6498A2A119C4D834008F0C5D /* CustomTabBarController.m in Sources */ = {isa = PBXBuildFile; fileRef = 6498A29F19C4D834008F0C5D /* CustomTabBarController.m */; };
		6498A2AC19C4D84D008F0C5D /* NewsViewController.m in Sources */ = {isa = PBXBuildFile; fileRef = 6498A2A319C4D84D008F0C5D /* NewsViewController.m */; };
		6498A2AD19C4D84D008F0C5D /* SessionsViewController.m in Sources */ = {isa = PBXBuildFile; fileRef = 6498A2A519C4D84D008F0C5D /* SessionsViewController.m */; };
		6498A2AE19C4D84D008F0C5D /* SpeakersViewController.m in Sources */ = {isa = PBXBuildFile; fileRef = 6498A2A719C4D84D008F0C5D /* SpeakersViewController.m */; };
		6498A2AF19C4D84D008F0C5D /* TweetsViewController.m in Sources */ = {isa = PBXBuildFile; fileRef = 6498A2A919C4D84D008F0C5D /* TweetsViewController.m */; };
		6498A2B019C4D84D008F0C5D /* SponsorsViewController.m in Sources */ = {isa = PBXBuildFile; fileRef = 6498A2AB19C4D84D008F0C5D /* SponsorsViewController.m */; };
		6498A2BB19C4D859008F0C5D /* DTCViewController.m in Sources */ = {isa = PBXBuildFile; fileRef = 6498A2B219C4D859008F0C5D /* DTCViewController.m */; };
		6498A2BC19C4D859008F0C5D /* DTCUtil.m in Sources */ = {isa = PBXBuildFile; fileRef = 6498A2B419C4D859008F0C5D /* DTCUtil.m */; };
		6498A2BD19C4D859008F0C5D /* ZipDownloader.m in Sources */ = {isa = PBXBuildFile; fileRef = 6498A2B619C4D859008F0C5D /* ZipDownloader.m */; };
		6498A2BE19C4D859008F0C5D /* ExternalWebViewController.m in Sources */ = {isa = PBXBuildFile; fileRef = 6498A2B819C4D859008F0C5D /* ExternalWebViewController.m */; };
		6498A2BF19C4D859008F0C5D /* DataMapViewController.m in Sources */ = {isa = PBXBuildFile; fileRef = 6498A2BA19C4D859008F0C5D /* DataMapViewController.m */; };
		6498A2D119C4D87F008F0C5D /* SSZipArchive.m in Sources */ = {isa = PBXBuildFile; fileRef = 6498A2D019C4D87F008F0C5D /* SSZipArchive.m */; };
		6498A2D319C4D894008F0C5D /* MainStoryboard.storyboard in Resources */ = {isa = PBXBuildFile; fileRef = 6498A2D219C4D894008F0C5D /* MainStoryboard.storyboard */; };
		6498A2D519C4D8CA008F0C5D /* Parse.framework in Frameworks */ = {isa = PBXBuildFile; fileRef = 6498A2D419C4D8CA008F0C5D /* Parse.framework */; };
		6498A2D719C4D8D2008F0C5D /* Crashlytics.framework in Frameworks */ = {isa = PBXBuildFile; fileRef = 6498A2D619C4D8D2008F0C5D /* Crashlytics.framework */; };
		6498A2E519C4D97F008F0C5D /* AudioToolbox.framework in Frameworks */ = {isa = PBXBuildFile; fileRef = 6498A2D819C4D97F008F0C5D /* AudioToolbox.framework */; };
		6498A2E619C4D97F008F0C5D /* CFNetwork.framework in Frameworks */ = {isa = PBXBuildFile; fileRef = 6498A2D919C4D97F008F0C5D /* CFNetwork.framework */; };
		6498A2E719C4D97F008F0C5D /* CoreGraphics.framework in Frameworks */ = {isa = PBXBuildFile; fileRef = 6498A2DA19C4D97F008F0C5D /* CoreGraphics.framework */; };
		6498A2E819C4D97F008F0C5D /* CoreLocation.framework in Frameworks */ = {isa = PBXBuildFile; fileRef = 6498A2DB19C4D97F008F0C5D /* CoreLocation.framework */; };
		6498A2E919C4D97F008F0C5D /* Foundation.framework in Frameworks */ = {isa = PBXBuildFile; fileRef = 6498A2DC19C4D97F008F0C5D /* Foundation.framework */; };
		6498A2EA19C4D97F008F0C5D /* libz.dylib in Frameworks */ = {isa = PBXBuildFile; fileRef = 6498A2DD19C4D97F008F0C5D /* libz.dylib */; };
		6498A2EB19C4D97F008F0C5D /* MobileCoreServices.framework in Frameworks */ = {isa = PBXBuildFile; fileRef = 6498A2DE19C4D97F008F0C5D /* MobileCoreServices.framework */; };
		6498A2EC19C4D97F008F0C5D /* QuartzCore.framework in Frameworks */ = {isa = PBXBuildFile; fileRef = 6498A2DF19C4D97F008F0C5D /* QuartzCore.framework */; };
		6498A2ED19C4D97F008F0C5D /* Security.framework in Frameworks */ = {isa = PBXBuildFile; fileRef = 6498A2E019C4D97F008F0C5D /* Security.framework */; };
		6498A2EE19C4D97F008F0C5D /* Social.framework in Frameworks */ = {isa = PBXBuildFile; fileRef = 6498A2E119C4D97F008F0C5D /* Social.framework */; };
		6498A2F019C4D97F008F0C5D /* SystemConfiguration.framework in Frameworks */ = {isa = PBXBuildFile; fileRef = 6498A2E319C4D97F008F0C5D /* SystemConfiguration.framework */; };
		6498A2F119C4D97F008F0C5D /* UIKit.framework in Frameworks */ = {isa = PBXBuildFile; fileRef = 6498A2E419C4D97F008F0C5D /* UIKit.framework */; };
		6498A2FC19C4DA0A008F0C5D /* ioapi.c in Sources */ = {isa = PBXBuildFile; fileRef = 6498A2F419C4DA0A008F0C5D /* ioapi.c */; };
		6498A2FD19C4DA0A008F0C5D /* mztools.c in Sources */ = {isa = PBXBuildFile; fileRef = 6498A2F619C4DA0A008F0C5D /* mztools.c */; };
		6498A2FE19C4DA0A008F0C5D /* unzip.c in Sources */ = {isa = PBXBuildFile; fileRef = 6498A2F819C4DA0A008F0C5D /* unzip.c */; };
		6498A2FF19C4DA0A008F0C5D /* zip.c in Sources */ = {isa = PBXBuildFile; fileRef = 6498A2FA19C4DA0A008F0C5D /* zip.c */; };
		64AF4C1C19CA769A00B8ECDF /* appicon-180.png in Resources */ = {isa = PBXBuildFile; fileRef = 64AF4C1B19CA769A00B8ECDF /* appicon-180.png */; };
		64AF4C1F19CA79C600B8ECDF /* DT2014-TopOnly-Transparent.png in Resources */ = {isa = PBXBuildFile; fileRef = 64AF4C1D19CA79C600B8ECDF /* DT2014-TopOnly-Transparent.png */; };
		64AF4C2219CA7A1500B8ECDF /* workiva-transparent.png in Resources */ = {isa = PBXBuildFile; fileRef = 64AF4C2119CA7A1500B8ECDF /* workiva-transparent.png */; };
		64C4D7DC19D0D5F0002EFE09 /* StoreKit.framework in Frameworks */ = {isa = PBXBuildFile; fileRef = 64C4D7DB19D0D5F0002EFE09 /* StoreKit.framework */; };
		64FF5FAF19CAAF6600419DB2 /* Default-568h@2x.png in Resources */ = {isa = PBXBuildFile; fileRef = 64FF5FAC19CAAF6600419DB2 /* Default-568h@2x.png */; };
		64FF5FB019CAAF6600419DB2 /* Default.png in Resources */ = {isa = PBXBuildFile; fileRef = 64FF5FAD19CAAF6600419DB2 /* Default.png */; };
		64FF5FB119CAAF6600419DB2 /* Default@2x.png in Resources */ = {isa = PBXBuildFile; fileRef = 64FF5FAE19CAAF6600419DB2 /* Default@2x.png */; };
/* End PBXBuildFile section */

/* Begin PBXContainerItemProxy section */
		6489CD1119C4D1EA002226F4 /* PBXContainerItemProxy */ = {
			isa = PBXContainerItemProxy;
			containerPortal = 6489CCEF19C4D1EA002226F4 /* Project object */;
			proxyType = 1;
			remoteGlobalIDString = 6489CCF619C4D1EA002226F4;
			remoteInfo = DataTransparency2014TEST;
		};
/* End PBXContainerItemProxy section */

/* Begin PBXFileReference section */
		6487E15B19CA8A6E005F1F8C /* appicon-58.png */ = {isa = PBXFileReference; lastKnownFileType = image.png; path = "appicon-58.png"; sourceTree = "<group>"; };
		6489CCF719C4D1EA002226F4 /* DT2014.app */ = {isa = PBXFileReference; explicitFileType = wrapper.application; includeInIndex = 0; path = DT2014.app; sourceTree = BUILT_PRODUCTS_DIR; };
		6489CCFB19C4D1EA002226F4 /* Info.plist */ = {isa = PBXFileReference; lastKnownFileType = text.plist.xml; path = Info.plist; sourceTree = "<group>"; };
		6489CCFC19C4D1EA002226F4 /* main.m */ = {isa = PBXFileReference; lastKnownFileType = sourcecode.c.objc; path = main.m; sourceTree = "<group>"; };
		6489CD0719C4D1EA002226F4 /* Images.xcassets */ = {isa = PBXFileReference; lastKnownFileType = folder.assetcatalog; path = Images.xcassets; sourceTree = "<group>"; };
		6489CD0A19C4D1EA002226F4 /* Base */ = {isa = PBXFileReference; lastKnownFileType = file.xib; name = Base; path = Base.lproj/LaunchScreen.xib; sourceTree = "<group>"; };
		6489CD1019C4D1EA002226F4 /* DataTransparency2014Tests.xctest */ = {isa = PBXFileReference; explicitFileType = wrapper.cfbundle; includeInIndex = 0; path = DataTransparency2014Tests.xctest; sourceTree = BUILT_PRODUCTS_DIR; };
		6489CD1519C4D1EA002226F4 /* Info.plist */ = {isa = PBXFileReference; lastKnownFileType = text.plist.xml; path = Info.plist; sourceTree = "<group>"; };
		6489CD1619C4D1EA002226F4 /* DataTransparency2014Tests.m */ = {isa = PBXFileReference; lastKnownFileType = sourcecode.c.objc; path = DataTransparency2014Tests.m; sourceTree = "<group>"; };
		6498A26819C4D79F008F0C5D /* appicon-114.png */ = {isa = PBXFileReference; lastKnownFileType = image.png; path = "appicon-114.png"; sourceTree = "<group>"; };
		6498A26919C4D79F008F0C5D /* appicon-120.png */ = {isa = PBXFileReference; lastKnownFileType = image.png; path = "appicon-120.png"; sourceTree = "<group>"; };
		6498A26A19C4D79F008F0C5D /* appicon-57.png */ = {isa = PBXFileReference; lastKnownFileType = image.png; path = "appicon-57.png"; sourceTree = "<group>"; };
		6498A26B19C4D79F008F0C5D /* home-tabbaricon.png */ = {isa = PBXFileReference; lastKnownFileType = image.png; path = "home-tabbaricon.png"; sourceTree = "<group>"; };
		6498A26C19C4D79F008F0C5D /* home-tabbaricon@2x.png */ = {isa = PBXFileReference; lastKnownFileType = image.png; path = "home-tabbaricon@2x.png"; sourceTree = "<group>"; };
		6498A26D19C4D79F008F0C5D /* iTunesArtwork.png */ = {isa = PBXFileReference; lastKnownFileType = image.png; path = iTunesArtwork.png; sourceTree = "<group>"; };
		6498A26E19C4D79F008F0C5D /* iTunesArtwork@2x.png */ = {isa = PBXFileReference; lastKnownFileType = image.png; path = "iTunesArtwork@2x.png"; sourceTree = "<group>"; };
		6498A26F19C4D79F008F0C5D /* map-tabbaricon.png */ = {isa = PBXFileReference; lastKnownFileType = image.png; path = "map-tabbaricon.png"; sourceTree = "<group>"; };
		6498A27019C4D79F008F0C5D /* map-tabbaricon@2x.png */ = {isa = PBXFileReference; lastKnownFileType = image.png; path = "map-tabbaricon@2x.png"; sourceTree = "<group>"; };
		6498A27119C4D79F008F0C5D /* news-tabbaricon.png */ = {isa = PBXFileReference; lastKnownFileType = image.png; path = "news-tabbaricon.png"; sourceTree = "<group>"; };
		6498A27219C4D79F008F0C5D /* news-tabbaricon@2x.png */ = {isa = PBXFileReference; lastKnownFileType = image.png; path = "news-tabbaricon@2x.png"; sourceTree = "<group>"; };
		6498A27319C4D79F008F0C5D /* noun_project_1331.png */ = {isa = PBXFileReference; lastKnownFileType = image.png; path = noun_project_1331.png; sourceTree = "<group>"; };
		6498A27419C4D79F008F0C5D /* noun_project_1331@2x.png */ = {isa = PBXFileReference; lastKnownFileType = image.png; path = "noun_project_1331@2x.png"; sourceTree = "<group>"; };
		6498A27519C4D79F008F0C5D /* program-tabbaricon.png */ = {isa = PBXFileReference; lastKnownFileType = image.png; path = "program-tabbaricon.png"; sourceTree = "<group>"; };
		6498A27619C4D79F008F0C5D /* program-tabbaricon@2x.png */ = {isa = PBXFileReference; lastKnownFileType = image.png; path = "program-tabbaricon@2x.png"; sourceTree = "<group>"; };
		6498A27719C4D79F008F0C5D /* sponsor_icon_900.png */ = {isa = PBXFileReference; lastKnownFileType = image.png; path = sponsor_icon_900.png; sourceTree = "<group>"; };
		6498A27819C4D79F008F0C5D /* sponsor_icon_900@2x.png */ = {isa = PBXFileReference; lastKnownFileType = image.png; path = "sponsor_icon_900@2x.png"; sourceTree = "<group>"; };
		6498A27919C4D79F008F0C5D /* twitter-bird-light-bgs.png */ = {isa = PBXFileReference; lastKnownFileType = image.png; path = "twitter-bird-light-bgs.png"; sourceTree = "<group>"; };
		6498A27A19C4D79F008F0C5D /* twitter-bird-light-bgs@2x.png */ = {isa = PBXFileReference; lastKnownFileType = image.png; path = "twitter-bird-light-bgs@2x.png"; sourceTree = "<group>"; };
		6498A27B19C4D79F008F0C5D /* UIButtonBarArrowLeft.png */ = {isa = PBXFileReference; lastKnownFileType = image.png; path = UIButtonBarArrowLeft.png; sourceTree = "<group>"; };
		6498A27C19C4D79F008F0C5D /* UIButtonBarArrowLeft@2x.png */ = {isa = PBXFileReference; lastKnownFileType = image.png; path = "UIButtonBarArrowLeft@2x.png"; sourceTree = "<group>"; };
		6498A27D19C4D79F008F0C5D /* UIButtonBarArrowRight.png */ = {isa = PBXFileReference; lastKnownFileType = image.png; path = UIButtonBarArrowRight.png; sourceTree = "<group>"; };
		6498A27E19C4D79F008F0C5D /* UIButtonBarArrowRight@2x.png */ = {isa = PBXFileReference; lastKnownFileType = image.png; path = "UIButtonBarArrowRight@2x.png"; sourceTree = "<group>"; };
		6498A29919C4D827008F0C5D /* AppDelegate.h */ = {isa = PBXFileReference; fileEncoding = 4; lastKnownFileType = sourcecode.c.h; path = AppDelegate.h; sourceTree = "<group>"; };
		6498A29A19C4D827008F0C5D /* AppDelegate.m */ = {isa = PBXFileReference; fileEncoding = 4; lastKnownFileType = sourcecode.c.objc; path = AppDelegate.m; sourceTree = "<group>"; };
		6498A29C19C4D834008F0C5D /* CustomNavigationViewController.h */ = {isa = PBXFileReference; fileEncoding = 4; lastKnownFileType = sourcecode.c.h; path = CustomNavigationViewController.h; sourceTree = "<group>"; };
		6498A29D19C4D834008F0C5D /* CustomNavigationViewController.m */ = {isa = PBXFileReference; fileEncoding = 4; lastKnownFileType = sourcecode.c.objc; path = CustomNavigationViewController.m; sourceTree = "<group>"; };
		6498A29E19C4D834008F0C5D /* CustomTabBarController.h */ = {isa = PBXFileReference; fileEncoding = 4; lastKnownFileType = sourcecode.c.h; path = CustomTabBarController.h; sourceTree = "<group>"; };
		6498A29F19C4D834008F0C5D /* CustomTabBarController.m */ = {isa = PBXFileReference; fileEncoding = 4; lastKnownFileType = sourcecode.c.objc; path = CustomTabBarController.m; sourceTree = "<group>"; };
		6498A2A219C4D84D008F0C5D /* NewsViewController.h */ = {isa = PBXFileReference; fileEncoding = 4; lastKnownFileType = sourcecode.c.h; path = NewsViewController.h; sourceTree = "<group>"; };
		6498A2A319C4D84D008F0C5D /* NewsViewController.m */ = {isa = PBXFileReference; fileEncoding = 4; lastKnownFileType = sourcecode.c.objc; path = NewsViewController.m; sourceTree = "<group>"; };
		6498A2A419C4D84D008F0C5D /* SessionsViewController.h */ = {isa = PBXFileReference; fileEncoding = 4; lastKnownFileType = sourcecode.c.h; path = SessionsViewController.h; sourceTree = "<group>"; };
		6498A2A519C4D84D008F0C5D /* SessionsViewController.m */ = {isa = PBXFileReference; fileEncoding = 4; lastKnownFileType = sourcecode.c.objc; path = SessionsViewController.m; sourceTree = "<group>"; };
		6498A2A619C4D84D008F0C5D /* SpeakersViewController.h */ = {isa = PBXFileReference; fileEncoding = 4; lastKnownFileType = sourcecode.c.h; path = SpeakersViewController.h; sourceTree = "<group>"; };
		6498A2A719C4D84D008F0C5D /* SpeakersViewController.m */ = {isa = PBXFileReference; fileEncoding = 4; lastKnownFileType = sourcecode.c.objc; path = SpeakersViewController.m; sourceTree = "<group>"; };
		6498A2A819C4D84D008F0C5D /* TweetsViewController.h */ = {isa = PBXFileReference; fileEncoding = 4; lastKnownFileType = sourcecode.c.h; path = TweetsViewController.h; sourceTree = "<group>"; };
		6498A2A919C4D84D008F0C5D /* TweetsViewController.m */ = {isa = PBXFileReference; fileEncoding = 4; lastKnownFileType = sourcecode.c.objc; path = TweetsViewController.m; sourceTree = "<group>"; };
		6498A2AA19C4D84D008F0C5D /* SponsorsViewController.h */ = {isa = PBXFileReference; fileEncoding = 4; lastKnownFileType = sourcecode.c.h; path = SponsorsViewController.h; sourceTree = "<group>"; };
		6498A2AB19C4D84D008F0C5D /* SponsorsViewController.m */ = {isa = PBXFileReference; fileEncoding = 4; lastKnownFileType = sourcecode.c.objc; path = SponsorsViewController.m; sourceTree = "<group>"; };
		6498A2B119C4D859008F0C5D /* DTCViewController.h */ = {isa = PBXFileReference; fileEncoding = 4; lastKnownFileType = sourcecode.c.h; path = DTCViewController.h; sourceTree = "<group>"; };
		6498A2B219C4D859008F0C5D /* DTCViewController.m */ = {isa = PBXFileReference; fileEncoding = 4; lastKnownFileType = sourcecode.c.objc; path = DTCViewController.m; sourceTree = "<group>"; };
		6498A2B319C4D859008F0C5D /* DTCUtil.h */ = {isa = PBXFileReference; fileEncoding = 4; lastKnownFileType = sourcecode.c.h; path = DTCUtil.h; sourceTree = "<group>"; };
		6498A2B419C4D859008F0C5D /* DTCUtil.m */ = {isa = PBXFileReference; fileEncoding = 4; lastKnownFileType = sourcecode.c.objc; path = DTCUtil.m; sourceTree = "<group>"; };
		6498A2B519C4D859008F0C5D /* ZipDownloader.h */ = {isa = PBXFileReference; fileEncoding = 4; lastKnownFileType = sourcecode.c.h; path = ZipDownloader.h; sourceTree = "<group>"; };
		6498A2B619C4D859008F0C5D /* ZipDownloader.m */ = {isa = PBXFileReference; fileEncoding = 4; lastKnownFileType = sourcecode.c.objc; path = ZipDownloader.m; sourceTree = "<group>"; };
		6498A2B719C4D859008F0C5D /* ExternalWebViewController.h */ = {isa = PBXFileReference; fileEncoding = 4; lastKnownFileType = sourcecode.c.h; path = ExternalWebViewController.h; sourceTree = "<group>"; };
		6498A2B819C4D859008F0C5D /* ExternalWebViewController.m */ = {isa = PBXFileReference; fileEncoding = 4; lastKnownFileType = sourcecode.c.objc; path = ExternalWebViewController.m; sourceTree = "<group>"; };
		6498A2B919C4D859008F0C5D /* DataMapViewController.h */ = {isa = PBXFileReference; fileEncoding = 4; lastKnownFileType = sourcecode.c.h; path = DataMapViewController.h; sourceTree = "<group>"; };
		6498A2BA19C4D859008F0C5D /* DataMapViewController.m */ = {isa = PBXFileReference; fileEncoding = 4; lastKnownFileType = sourcecode.c.objc; path = DataMapViewController.m; sourceTree = "<group>"; };
		6498A2CF19C4D87F008F0C5D /* SSZipArchive.h */ = {isa = PBXFileReference; fileEncoding = 4; lastKnownFileType = sourcecode.c.h; path = SSZipArchive.h; sourceTree = "<group>"; };
		6498A2D019C4D87F008F0C5D /* SSZipArchive.m */ = {isa = PBXFileReference; fileEncoding = 4; lastKnownFileType = sourcecode.c.objc; path = SSZipArchive.m; sourceTree = "<group>"; };
		6498A2D219C4D894008F0C5D /* MainStoryboard.storyboard */ = {isa = PBXFileReference; fileEncoding = 4; lastKnownFileType = file.storyboard; path = MainStoryboard.storyboard; sourceTree = "<group>"; };
		6498A2D419C4D8CA008F0C5D /* Parse.framework */ = {isa = PBXFileReference; lastKnownFileType = wrapper.framework; name = Parse.framework; path = DataTransparency2014TEST/Parse.framework; sourceTree = "<group>"; };
		6498A2D619C4D8D2008F0C5D /* Crashlytics.framework */ = {isa = PBXFileReference; lastKnownFileType = wrapper.framework; name = Crashlytics.framework; path = DataTransparency2014TEST/Crashlytics.framework; sourceTree = "<group>"; };
		6498A2D819C4D97F008F0C5D /* AudioToolbox.framework */ = {isa = PBXFileReference; lastKnownFileType = wrapper.framework; name = AudioToolbox.framework; path = System/Library/Frameworks/AudioToolbox.framework; sourceTree = SDKROOT; };
		6498A2D919C4D97F008F0C5D /* CFNetwork.framework */ = {isa = PBXFileReference; lastKnownFileType = wrapper.framework; name = CFNetwork.framework; path = System/Library/Frameworks/CFNetwork.framework; sourceTree = SDKROOT; };
		6498A2DA19C4D97F008F0C5D /* CoreGraphics.framework */ = {isa = PBXFileReference; lastKnownFileType = wrapper.framework; name = CoreGraphics.framework; path = System/Library/Frameworks/CoreGraphics.framework; sourceTree = SDKROOT; };
		6498A2DB19C4D97F008F0C5D /* CoreLocation.framework */ = {isa = PBXFileReference; lastKnownFileType = wrapper.framework; name = CoreLocation.framework; path = System/Library/Frameworks/CoreLocation.framework; sourceTree = SDKROOT; };
		6498A2DC19C4D97F008F0C5D /* Foundation.framework */ = {isa = PBXFileReference; lastKnownFileType = wrapper.framework; name = Foundation.framework; path = System/Library/Frameworks/Foundation.framework; sourceTree = SDKROOT; };
		6498A2DD19C4D97F008F0C5D /* libz.dylib */ = {isa = PBXFileReference; lastKnownFileType = "compiled.mach-o.dylib"; name = libz.dylib; path = usr/lib/libz.dylib; sourceTree = SDKROOT; };
		6498A2DE19C4D97F008F0C5D /* MobileCoreServices.framework */ = {isa = PBXFileReference; lastKnownFileType = wrapper.framework; name = MobileCoreServices.framework; path = System/Library/Frameworks/MobileCoreServices.framework; sourceTree = SDKROOT; };
		6498A2DF19C4D97F008F0C5D /* QuartzCore.framework */ = {isa = PBXFileReference; lastKnownFileType = wrapper.framework; name = QuartzCore.framework; path = System/Library/Frameworks/QuartzCore.framework; sourceTree = SDKROOT; };
		6498A2E019C4D97F008F0C5D /* Security.framework */ = {isa = PBXFileReference; lastKnownFileType = wrapper.framework; name = Security.framework; path = System/Library/Frameworks/Security.framework; sourceTree = SDKROOT; };
		6498A2E119C4D97F008F0C5D /* Social.framework */ = {isa = PBXFileReference; lastKnownFileType = wrapper.framework; name = Social.framework; path = System/Library/Frameworks/Social.framework; sourceTree = SDKROOT; };
		6498A2E319C4D97F008F0C5D /* SystemConfiguration.framework */ = {isa = PBXFileReference; lastKnownFileType = wrapper.framework; name = SystemConfiguration.framework; path = System/Library/Frameworks/SystemConfiguration.framework; sourceTree = SDKROOT; };
		6498A2E419C4D97F008F0C5D /* UIKit.framework */ = {isa = PBXFileReference; lastKnownFileType = wrapper.framework; name = UIKit.framework; path = System/Library/Frameworks/UIKit.framework; sourceTree = SDKROOT; };
		6498A2F319C4DA0A008F0C5D /* crypt.h */ = {isa = PBXFileReference; fileEncoding = 4; lastKnownFileType = sourcecode.c.h; name = crypt.h; path = minizip/crypt.h; sourceTree = "<group>"; };
		6498A2F419C4DA0A008F0C5D /* ioapi.c */ = {isa = PBXFileReference; fileEncoding = 4; lastKnownFileType = sourcecode.c.c; name = ioapi.c; path = minizip/ioapi.c; sourceTree = "<group>"; };
		6498A2F519C4DA0A008F0C5D /* ioapi.h */ = {isa = PBXFileReference; fileEncoding = 4; lastKnownFileType = sourcecode.c.h; name = ioapi.h; path = minizip/ioapi.h; sourceTree = "<group>"; };
		6498A2F619C4DA0A008F0C5D /* mztools.c */ = {isa = PBXFileReference; fileEncoding = 4; lastKnownFileType = sourcecode.c.c; name = mztools.c; path = minizip/mztools.c; sourceTree = "<group>"; };
		6498A2F719C4DA0A008F0C5D /* mztools.h */ = {isa = PBXFileReference; fileEncoding = 4; lastKnownFileType = sourcecode.c.h; name = mztools.h; path = minizip/mztools.h; sourceTree = "<group>"; };
		6498A2F819C4DA0A008F0C5D /* unzip.c */ = {isa = PBXFileReference; fileEncoding = 4; lastKnownFileType = sourcecode.c.c; name = unzip.c; path = minizip/unzip.c; sourceTree = "<group>"; };
		6498A2F919C4DA0A008F0C5D /* unzip.h */ = {isa = PBXFileReference; fileEncoding = 4; lastKnownFileType = sourcecode.c.h; name = unzip.h; path = minizip/unzip.h; sourceTree = "<group>"; };
		6498A2FA19C4DA0A008F0C5D /* zip.c */ = {isa = PBXFileReference; fileEncoding = 4; lastKnownFileType = sourcecode.c.c; name = zip.c; path = minizip/zip.c; sourceTree = "<group>"; };
		6498A2FB19C4DA0A008F0C5D /* zip.h */ = {isa = PBXFileReference; fileEncoding = 4; lastKnownFileType = sourcecode.c.h; name = zip.h; path = minizip/zip.h; sourceTree = "<group>"; };
		64AF4C1B19CA769A00B8ECDF /* appicon-180.png */ = {isa = PBXFileReference; lastKnownFileType = image.png; path = "appicon-180.png"; sourceTree = "<group>"; };
		64AF4C1D19CA79C600B8ECDF /* DT2014-TopOnly-Transparent.png */ = {isa = PBXFileReference; lastKnownFileType = image.png; path = "DT2014-TopOnly-Transparent.png"; sourceTree = "<group>"; };
		64AF4C2119CA7A1500B8ECDF /* workiva-transparent.png */ = {isa = PBXFileReference; lastKnownFileType = image.png; path = "workiva-transparent.png"; sourceTree = "<group>"; };
		64C4D7DB19D0D5F0002EFE09 /* StoreKit.framework */ = {isa = PBXFileReference; lastKnownFileType = wrapper.framework; name = StoreKit.framework; path = System/Library/Frameworks/StoreKit.framework; sourceTree = SDKROOT; };
		64FF5FAC19CAAF6600419DB2 /* Default-568h@2x.png */ = {isa = PBXFileReference; lastKnownFileType = image.png; path = "Default-568h@2x.png"; sourceTree = "<group>"; };
		64FF5FAD19CAAF6600419DB2 /* Default.png */ = {isa = PBXFileReference; lastKnownFileType = image.png; path = Default.png; sourceTree = "<group>"; };
		64FF5FAE19CAAF6600419DB2 /* Default@2x.png */ = {isa = PBXFileReference; lastKnownFileType = image.png; path = "Default@2x.png"; sourceTree = "<group>"; };
/* End PBXFileReference section */

/* Begin PBXFrameworksBuildPhase section */
		6489CCF419C4D1EA002226F4 /* Frameworks */ = {
			isa = PBXFrameworksBuildPhase;
			buildActionMask = 2147483647;
			files = (
				64C4D7DC19D0D5F0002EFE09 /* StoreKit.framework in Frameworks */,
				6498A2E519C4D97F008F0C5D /* AudioToolbox.framework in Frameworks */,
				6498A2E619C4D97F008F0C5D /* CFNetwork.framework in Frameworks */,
				6498A2E719C4D97F008F0C5D /* CoreGraphics.framework in Frameworks */,
				6498A2E819C4D97F008F0C5D /* CoreLocation.framework in Frameworks */,
				6498A2E919C4D97F008F0C5D /* Foundation.framework in Frameworks */,
				6498A2EA19C4D97F008F0C5D /* libz.dylib in Frameworks */,
				6498A2EB19C4D97F008F0C5D /* MobileCoreServices.framework in Frameworks */,
				6498A2EC19C4D97F008F0C5D /* QuartzCore.framework in Frameworks */,
				6498A2ED19C4D97F008F0C5D /* Security.framework in Frameworks */,
				6498A2EE19C4D97F008F0C5D /* Social.framework in Frameworks */,
				6498A2F019C4D97F008F0C5D /* SystemConfiguration.framework in Frameworks */,
				6498A2F119C4D97F008F0C5D /* UIKit.framework in Frameworks */,
				6498A2D719C4D8D2008F0C5D /* Crashlytics.framework in Frameworks */,
				6498A2D519C4D8CA008F0C5D /* Parse.framework in Frameworks */,
			);
			runOnlyForDeploymentPostprocessing = 0;
		};
		6489CD0D19C4D1EA002226F4 /* Frameworks */ = {
			isa = PBXFrameworksBuildPhase;
			buildActionMask = 2147483647;
			files = (
			);
			runOnlyForDeploymentPostprocessing = 0;
		};
/* End PBXFrameworksBuildPhase section */

/* Begin PBXGroup section */
		6489CCEE19C4D1EA002226F4 = {
			isa = PBXGroup;
			children = (
				6498A2F219C4D99E008F0C5D /* Frameworks */,
				6489CCF919C4D1EA002226F4 /* DataTransparency2014 */,
				6489CD1319C4D1EA002226F4 /* DataTransparency2014Tests */,
				6489CCF819C4D1EA002226F4 /* Products */,
			);
			sourceTree = "<group>";
		};
		6489CCF819C4D1EA002226F4 /* Products */ = {
			isa = PBXGroup;
			children = (
				6489CCF719C4D1EA002226F4 /* DT2014.app */,
				6489CD1019C4D1EA002226F4 /* DataTransparency2014Tests.xctest */,
			);
			name = Products;
			sourceTree = "<group>";
		};
		6489CCF919C4D1EA002226F4 /* DataTransparency2014 */ = {
			isa = PBXGroup;
			children = (
				6498A2D219C4D894008F0C5D /* MainStoryboard.storyboard */,
				6498A2C019C4D864008F0C5D /* SSZipArchive */,
				6498A2B119C4D859008F0C5D /* DTCViewController.h */,
				6498A2B219C4D859008F0C5D /* DTCViewController.m */,
				6498A2B319C4D859008F0C5D /* DTCUtil.h */,
				6498A2B419C4D859008F0C5D /* DTCUtil.m */,
				6498A2B519C4D859008F0C5D /* ZipDownloader.h */,
				6498A2B619C4D859008F0C5D /* ZipDownloader.m */,
				6498A2B719C4D859008F0C5D /* ExternalWebViewController.h */,
				6498A2B819C4D859008F0C5D /* ExternalWebViewController.m */,
				6498A2B919C4D859008F0C5D /* DataMapViewController.h */,
				6498A2BA19C4D859008F0C5D /* DataMapViewController.m */,
				6498A26319C4D779008F0C5D /* Low Level */,
				6498A26219C4D771008F0C5D /* High Level */,
				6498A26119C4D76B008F0C5D /* Images */,
				6489CD0719C4D1EA002226F4 /* Images.xcassets */,
				6489CD0919C4D1EA002226F4 /* LaunchScreen.xib */,
				6489CCFA19C4D1EA002226F4 /* Supporting Files */,
			);
			name = DataTransparency2014;
			path = DataTransparency2014TEST;
			sourceTree = "<group>";
		};
		6489CCFA19C4D1EA002226F4 /* Supporting Files */ = {
			isa = PBXGroup;
			children = (
				6489CCFB19C4D1EA002226F4 /* Info.plist */,
				6489CCFC19C4D1EA002226F4 /* main.m */,
			);
			name = "Supporting Files";
			sourceTree = "<group>";
		};
		6489CD1319C4D1EA002226F4 /* DataTransparency2014Tests */ = {
			isa = PBXGroup;
			children = (
				6489CD1619C4D1EA002226F4 /* DataTransparency2014Tests.m */,
				6489CD1419C4D1EA002226F4 /* Supporting Files */,
			);
			name = DataTransparency2014Tests;
			path = DataTransparency2014TESTTests;
			sourceTree = "<group>";
		};
		6489CD1419C4D1EA002226F4 /* Supporting Files */ = {
			isa = PBXGroup;
			children = (
				6489CD1519C4D1EA002226F4 /* Info.plist */,
			);
			name = "Supporting Files";
			sourceTree = "<group>";
		};
		6498A26119C4D76B008F0C5D /* Images */ = {
			isa = PBXGroup;
			children = (
				64FF5FAC19CAAF6600419DB2 /* Default-568h@2x.png */,
				64FF5FAD19CAAF6600419DB2 /* Default.png */,
				64FF5FAE19CAAF6600419DB2 /* Default@2x.png */,
				64AF4C2119CA7A1500B8ECDF /* workiva-transparent.png */,
				64AF4C1D19CA79C600B8ECDF /* DT2014-TopOnly-Transparent.png */,
				6498A26819C4D79F008F0C5D /* appicon-114.png */,
				6498A26919C4D79F008F0C5D /* appicon-120.png */,
				64AF4C1B19CA769A00B8ECDF /* appicon-180.png */,
				6487E15B19CA8A6E005F1F8C /* appicon-58.png */,
				6498A26A19C4D79F008F0C5D /* appicon-57.png */,
				6498A26B19C4D79F008F0C5D /* home-tabbaricon.png */,
				6498A26C19C4D79F008F0C5D /* home-tabbaricon@2x.png */,
				6498A26D19C4D79F008F0C5D /* iTunesArtwork.png */,
				6498A26E19C4D79F008F0C5D /* iTunesArtwork@2x.png */,
				6498A26F19C4D79F008F0C5D /* map-tabbaricon.png */,
				6498A27019C4D79F008F0C5D /* map-tabbaricon@2x.png */,
				6498A27119C4D79F008F0C5D /* news-tabbaricon.png */,
				6498A27219C4D79F008F0C5D /* news-tabbaricon@2x.png */,
				6498A27319C4D79F008F0C5D /* noun_project_1331.png */,
				6498A27419C4D79F008F0C5D /* noun_project_1331@2x.png */,
				6498A27519C4D79F008F0C5D /* program-tabbaricon.png */,
				6498A27619C4D79F008F0C5D /* program-tabbaricon@2x.png */,
				6498A27719C4D79F008F0C5D /* sponsor_icon_900.png */,
				6498A27819C4D79F008F0C5D /* sponsor_icon_900@2x.png */,
				6498A27919C4D79F008F0C5D /* twitter-bird-light-bgs.png */,
				6498A27A19C4D79F008F0C5D /* twitter-bird-light-bgs@2x.png */,
				6498A27B19C4D79F008F0C5D /* UIButtonBarArrowLeft.png */,
				6498A27C19C4D79F008F0C5D /* UIButtonBarArrowLeft@2x.png */,
				6498A27D19C4D79F008F0C5D /* UIButtonBarArrowRight.png */,
				6498A27E19C4D79F008F0C5D /* UIButtonBarArrowRight@2x.png */,
			);
			name = Images;
			sourceTree = "<group>";
		};
		6498A26219C4D771008F0C5D /* High Level */ = {
			isa = PBXGroup;
			children = (
				6498A29919C4D827008F0C5D /* AppDelegate.h */,
				6498A29A19C4D827008F0C5D /* AppDelegate.m */,
				6498A29C19C4D834008F0C5D /* CustomNavigationViewController.h */,
				6498A29D19C4D834008F0C5D /* CustomNavigationViewController.m */,
				6498A29E19C4D834008F0C5D /* CustomTabBarController.h */,
				6498A29F19C4D834008F0C5D /* CustomTabBarController.m */,
			);
			name = "High Level";
			sourceTree = "<group>";
		};
		6498A26319C4D779008F0C5D /* Low Level */ = {
			isa = PBXGroup;
			children = (
				6498A2A219C4D84D008F0C5D /* NewsViewController.h */,
				6498A2A319C4D84D008F0C5D /* NewsViewController.m */,
				6498A2A419C4D84D008F0C5D /* SessionsViewController.h */,
				6498A2A519C4D84D008F0C5D /* SessionsViewController.m */,
				6498A2A619C4D84D008F0C5D /* SpeakersViewController.h */,
				6498A2A719C4D84D008F0C5D /* SpeakersViewController.m */,
				6498A2A819C4D84D008F0C5D /* TweetsViewController.h */,
				6498A2A919C4D84D008F0C5D /* TweetsViewController.m */,
				6498A2AA19C4D84D008F0C5D /* SponsorsViewController.h */,
				6498A2AB19C4D84D008F0C5D /* SponsorsViewController.m */,
			);
			name = "Low Level";
			sourceTree = "<group>";
		};
		6498A2C019C4D864008F0C5D /* SSZipArchive */ = {
			isa = PBXGroup;
			children = (
				6498A2CF19C4D87F008F0C5D /* SSZipArchive.h */,
				6498A2D019C4D87F008F0C5D /* SSZipArchive.m */,
				6498A2C119C4D86A008F0C5D /* minizip */,
			);
			name = SSZipArchive;
			sourceTree = "<group>";
		};
		6498A2C119C4D86A008F0C5D /* minizip */ = {
			isa = PBXGroup;
			children = (
				6498A2F319C4DA0A008F0C5D /* crypt.h */,
				6498A2F419C4DA0A008F0C5D /* ioapi.c */,
				6498A2F519C4DA0A008F0C5D /* ioapi.h */,
				6498A2F619C4DA0A008F0C5D /* mztools.c */,
				6498A2F719C4DA0A008F0C5D /* mztools.h */,
				6498A2F819C4DA0A008F0C5D /* unzip.c */,
				6498A2F919C4DA0A008F0C5D /* unzip.h */,
				6498A2FA19C4DA0A008F0C5D /* zip.c */,
				6498A2FB19C4DA0A008F0C5D /* zip.h */,
			);
			name = minizip;
			sourceTree = "<group>";
		};
		6498A2F219C4D99E008F0C5D /* Frameworks */ = {
			isa = PBXGroup;
			children = (
				64C4D7DB19D0D5F0002EFE09 /* StoreKit.framework */,
				6498A2D819C4D97F008F0C5D /* AudioToolbox.framework */,
				6498A2D919C4D97F008F0C5D /* CFNetwork.framework */,
				6498A2DA19C4D97F008F0C5D /* CoreGraphics.framework */,
				6498A2DB19C4D97F008F0C5D /* CoreLocation.framework */,
				6498A2D619C4D8D2008F0C5D /* Crashlytics.framework */,
				6498A2DC19C4D97F008F0C5D /* Foundation.framework */,
				6498A2DD19C4D97F008F0C5D /* libz.dylib */,
				6498A2DE19C4D97F008F0C5D /* MobileCoreServices.framework */,
				6498A2D419C4D8CA008F0C5D /* Parse.framework */,
				6498A2DF19C4D97F008F0C5D /* QuartzCore.framework */,
				6498A2E019C4D97F008F0C5D /* Security.framework */,
				6498A2E119C4D97F008F0C5D /* Social.framework */,
				6498A2E319C4D97F008F0C5D /* SystemConfiguration.framework */,
				6498A2E419C4D97F008F0C5D /* UIKit.framework */,
			);
			name = Frameworks;
			sourceTree = "<group>";
		};
/* End PBXGroup section */

/* Begin PBXNativeTarget section */
		6489CCF619C4D1EA002226F4 /* DT2014 */ = {
			isa = PBXNativeTarget;
			buildConfigurationList = 6489CD1A19C4D1EA002226F4 /* Build configuration list for PBXNativeTarget "DT2014" */;
			buildPhases = (
				6489CCF319C4D1EA002226F4 /* Sources */,
				6489CCF419C4D1EA002226F4 /* Frameworks */,
				6489CCF519C4D1EA002226F4 /* Resources */,
				6498A30019C4DB68008F0C5D /* Jekyll Run Script */,
				6498A30119C4DBD2008F0C5D /* Crashlytics Run Script */,
			);
			buildRules = (
			);
			dependencies = (
			);
			name = DT2014;
			productName = DataTransparency2014;
			productReference = 6489CCF719C4D1EA002226F4 /* DT2014.app */;
			productType = "com.apple.product-type.application";
		};
		6489CD0F19C4D1EA002226F4 /* DataTransparency2014Tests */ = {
			isa = PBXNativeTarget;
			buildConfigurationList = 6489CD1D19C4D1EA002226F4 /* Build configuration list for PBXNativeTarget "DataTransparency2014Tests" */;
			buildPhases = (
				6489CD0C19C4D1EA002226F4 /* Sources */,
				6489CD0D19C4D1EA002226F4 /* Frameworks */,
				6489CD0E19C4D1EA002226F4 /* Resources */,
			);
			buildRules = (
			);
			dependencies = (
				6489CD1219C4D1EA002226F4 /* PBXTargetDependency */,
			);
			name = DataTransparency2014Tests;
			productName = DataTransparency2014Tests;
			productReference = 6489CD1019C4D1EA002226F4 /* DataTransparency2014Tests.xctest */;
			productType = "com.apple.product-type.bundle.unit-test";
		};
/* End PBXNativeTarget section */

/* Begin PBXProject section */
		6489CCEF19C4D1EA002226F4 /* Project object */ = {
			isa = PBXProject;
			attributes = {
				LastUpgradeCheck = 0600;
				ORGANIZATIONNAME = "Weien Wang";
				TargetAttributes = {
					6489CCF619C4D1EA002226F4 = {
						CreatedOnToolsVersion = 6.0;
						DevelopmentTeam = 69W89MJQ92;
						SystemCapabilities = {
							com.apple.InAppPurchase = {
								enabled = 0;
							};
						};
					};
					6489CD0F19C4D1EA002226F4 = {
						CreatedOnToolsVersion = 6.0;
						TestTargetID = 6489CCF619C4D1EA002226F4;
					};
				};
			};
			buildConfigurationList = 6489CCF219C4D1EA002226F4 /* Build configuration list for PBXProject "DataTransparency2014" */;
			compatibilityVersion = "Xcode 3.2";
			developmentRegion = English;
			hasScannedForEncodings = 0;
			knownRegions = (
				en,
				Base,
			);
			mainGroup = 6489CCEE19C4D1EA002226F4;
			productRefGroup = 6489CCF819C4D1EA002226F4 /* Products */;
			projectDirPath = "";
			projectRoot = "";
			targets = (
				6489CCF619C4D1EA002226F4 /* DT2014 */,
				6489CD0F19C4D1EA002226F4 /* DataTransparency2014Tests */,
			);
		};
/* End PBXProject section */

/* Begin PBXResourcesBuildPhase section */
		6489CCF519C4D1EA002226F4 /* Resources */ = {
			isa = PBXResourcesBuildPhase;
			buildActionMask = 2147483647;
			files = (
				64AF4C1C19CA769A00B8ECDF /* appicon-180.png in Resources */,
				6498A29219C4D79F008F0C5D /* sponsor_icon_900@2x.png in Resources */,
				6498A28D19C4D79F008F0C5D /* noun_project_1331.png in Resources */,
				64FF5FB019CAAF6600419DB2 /* Default.png in Resources */,
				6498A2D319C4D894008F0C5D /* MainStoryboard.storyboard in Resources */,
				6489CD0B19C4D1EA002226F4 /* LaunchScreen.xib in Resources */,
				6498A28919C4D79F008F0C5D /* map-tabbaricon.png in Resources */,
				6498A29119C4D79F008F0C5D /* sponsor_icon_900.png in Resources */,
				6498A28A19C4D79F008F0C5D /* map-tabbaricon@2x.png in Resources */,
				6498A29719C4D79F008F0C5D /* UIButtonBarArrowRight.png in Resources */,
				6498A28B19C4D79F008F0C5D /* news-tabbaricon.png in Resources */,
				6498A29419C4D79F008F0C5D /* twitter-bird-light-bgs@2x.png in Resources */,
				64AF4C2219CA7A1500B8ECDF /* workiva-transparent.png in Resources */,
				6498A28E19C4D79F008F0C5D /* noun_project_1331@2x.png in Resources */,
				6498A28419C4D79F008F0C5D /* appicon-57.png in Resources */,
				6498A28219C4D79F008F0C5D /* appicon-114.png in Resources */,
				6498A29619C4D79F008F0C5D /* UIButtonBarArrowLeft@2x.png in Resources */,
				6487E15C19CA8A6E005F1F8C /* appicon-58.png in Resources */,
				64FF5FAF19CAAF6600419DB2 /* Default-568h@2x.png in Resources */,
				6498A29319C4D79F008F0C5D /* twitter-bird-light-bgs.png in Resources */,
				6498A29519C4D79F008F0C5D /* UIButtonBarArrowLeft.png in Resources */,
				6498A28519C4D79F008F0C5D /* home-tabbaricon.png in Resources */,
				6498A28F19C4D79F008F0C5D /* program-tabbaricon.png in Resources */,
				64AF4C1F19CA79C600B8ECDF /* DT2014-TopOnly-Transparent.png in Resources */,
				6498A28719C4D79F008F0C5D /* iTunesArtwork.png in Resources */,
				6498A28319C4D79F008F0C5D /* appicon-120.png in Resources */,
				6489CD0819C4D1EA002226F4 /* Images.xcassets in Resources */,
				64FF5FB119CAAF6600419DB2 /* Default@2x.png in Resources */,
				6498A29019C4D79F008F0C5D /* program-tabbaricon@2x.png in Resources */,
				6498A28619C4D79F008F0C5D /* home-tabbaricon@2x.png in Resources */,
				6498A28819C4D79F008F0C5D /* iTunesArtwork@2x.png in Resources */,
				6498A28C19C4D79F008F0C5D /* news-tabbaricon@2x.png in Resources */,
				6498A29819C4D79F008F0C5D /* UIButtonBarArrowRight@2x.png in Resources */,
			);
			runOnlyForDeploymentPostprocessing = 0;
		};
		6489CD0E19C4D1EA002226F4 /* Resources */ = {
			isa = PBXResourcesBuildPhase;
			buildActionMask = 2147483647;
			files = (
			);
			runOnlyForDeploymentPostprocessing = 0;
		};
/* End PBXResourcesBuildPhase section */

/* Begin PBXShellScriptBuildPhase section */
		6498A30019C4DB68008F0C5D /* Jekyll Run Script */ = {
			isa = PBXShellScriptBuildPhase;
			buildActionMask = 2147483647;
			files = (
			);
			inputPaths = (
			);
			name = "Jekyll Run Script";
			outputPaths = (
			);
			runOnlyForDeploymentPostprocessing = 0;
			shellPath = /bin/bash;
			shellScript = "export PATH=\"/usr/local/bin:/usr/local/sbin:$PATH\"\neval \"$(rbenv init -)\"\n\ncd \"$PROJECT_DIR/jekyll\"\nexport LANG=\"en_US.UTF-8\"\nexport LC_ALL=\"en_US.UTF-8\"\njekyll build\nrm -rf \"$CODESIGNING_FOLDER_PATH/_site\"\ncp -R _site \"$CODESIGNING_FOLDER_PATH/_site\"";
		};
		6498A30119C4DBD2008F0C5D /* Crashlytics Run Script */ = {
			isa = PBXShellScriptBuildPhase;
			buildActionMask = 2147483647;
			files = (
			);
			inputPaths = (
			);
			name = "Crashlytics Run Script";
			outputPaths = (
			);
			runOnlyForDeploymentPostprocessing = 0;
			shellPath = /usr/bin/ruby;
			shellScript = "if File.exist?('/Applications/Crashlytics.app')\n  system './Crashlytics.framework/run f8325a280442dcfe187c30777d83465e38bea645'\nelse\n  puts 'WARNING Crashlytics not installed, so skipping Crashlytics run script'\nend";
		};
/* End PBXShellScriptBuildPhase section */

/* Begin PBXSourcesBuildPhase section */
		6489CCF319C4D1EA002226F4 /* Sources */ = {
			isa = PBXSourcesBuildPhase;
			buildActionMask = 2147483647;
			files = (
				6498A2FE19C4DA0A008F0C5D /* unzip.c in Sources */,
				6498A29B19C4D827008F0C5D /* AppDelegate.m in Sources */,
				6498A2BC19C4D859008F0C5D /* DTCUtil.m in Sources */,
				6498A2D119C4D87F008F0C5D /* SSZipArchive.m in Sources */,
				6498A2AE19C4D84D008F0C5D /* SpeakersViewController.m in Sources */,
				6498A2BB19C4D859008F0C5D /* DTCViewController.m in Sources */,
				6498A2FF19C4DA0A008F0C5D /* zip.c in Sources */,
				6498A2BD19C4D859008F0C5D /* ZipDownloader.m in Sources */,
				6498A2A019C4D834008F0C5D /* CustomNavigationViewController.m in Sources */,
				6498A2FD19C4DA0A008F0C5D /* mztools.c in Sources */,
				6498A2BE19C4D859008F0C5D /* ExternalWebViewController.m in Sources */,
				6498A2AC19C4D84D008F0C5D /* NewsViewController.m in Sources */,
				6498A2AF19C4D84D008F0C5D /* TweetsViewController.m in Sources */,
				6498A2FC19C4DA0A008F0C5D /* ioapi.c in Sources */,
				6498A2BF19C4D859008F0C5D /* DataMapViewController.m in Sources */,
				6498A2AD19C4D84D008F0C5D /* SessionsViewController.m in Sources */,
				6498A2B019C4D84D008F0C5D /* SponsorsViewController.m in Sources */,
				6498A2A119C4D834008F0C5D /* CustomTabBarController.m in Sources */,
				6489CCFD19C4D1EA002226F4 /* main.m in Sources */,
			);
			runOnlyForDeploymentPostprocessing = 0;
		};
		6489CD0C19C4D1EA002226F4 /* Sources */ = {
			isa = PBXSourcesBuildPhase;
			buildActionMask = 2147483647;
			files = (
				6489CD1719C4D1EA002226F4 /* DataTransparency2014Tests.m in Sources */,
			);
			runOnlyForDeploymentPostprocessing = 0;
		};
/* End PBXSourcesBuildPhase section */

/* Begin PBXTargetDependency section */
		6489CD1219C4D1EA002226F4 /* PBXTargetDependency */ = {
			isa = PBXTargetDependency;
			target = 6489CCF619C4D1EA002226F4 /* DT2014 */;
			targetProxy = 6489CD1119C4D1EA002226F4 /* PBXContainerItemProxy */;
		};
/* End PBXTargetDependency section */

/* Begin PBXVariantGroup section */
		6489CD0919C4D1EA002226F4 /* LaunchScreen.xib */ = {
			isa = PBXVariantGroup;
			children = (
				6489CD0A19C4D1EA002226F4 /* Base */,
			);
			name = LaunchScreen.xib;
			sourceTree = "<group>";
		};
/* End PBXVariantGroup section */

/* Begin XCBuildConfiguration section */
		6489CD1819C4D1EA002226F4 /* Debug */ = {
			isa = XCBuildConfiguration;
			buildSettings = {
				ALWAYS_SEARCH_USER_PATHS = NO;
				CLANG_CXX_LANGUAGE_STANDARD = "gnu++0x";
				CLANG_CXX_LIBRARY = "libc++";
				CLANG_ENABLE_MODULES = YES;
				CLANG_ENABLE_OBJC_ARC = YES;
				CLANG_WARN_BOOL_CONVERSION = YES;
				CLANG_WARN_CONSTANT_CONVERSION = YES;
				CLANG_WARN_DIRECT_OBJC_ISA_USAGE = YES_ERROR;
				CLANG_WARN_EMPTY_BODY = YES;
				CLANG_WARN_ENUM_CONVERSION = YES;
				CLANG_WARN_INT_CONVERSION = YES;
				CLANG_WARN_OBJC_ROOT_CLASS = YES_ERROR;
				CLANG_WARN_UNREACHABLE_CODE = YES;
				CLANG_WARN__DUPLICATE_METHOD_MATCH = YES;
				"CODE_SIGN_IDENTITY[sdk=iphoneos*]" = "iPhone Developer";
				COPY_PHASE_STRIP = NO;
				ENABLE_STRICT_OBJC_MSGSEND = YES;
				GCC_C_LANGUAGE_STANDARD = gnu99;
				GCC_DYNAMIC_NO_PIC = NO;
				GCC_OPTIMIZATION_LEVEL = 0;
				GCC_PREPROCESSOR_DEFINITIONS = (
					"DEBUG=1",
					"$(inherited)",
				);
				GCC_SYMBOLS_PRIVATE_EXTERN = NO;
				GCC_WARN_64_TO_32_BIT_CONVERSION = YES;
				GCC_WARN_ABOUT_RETURN_TYPE = YES_ERROR;
				GCC_WARN_UNDECLARED_SELECTOR = YES;
				GCC_WARN_UNINITIALIZED_AUTOS = YES_AGGRESSIVE;
				GCC_WARN_UNUSED_FUNCTION = YES;
				GCC_WARN_UNUSED_VARIABLE = YES;
				IPHONEOS_DEPLOYMENT_TARGET = 8.0;
				MTL_ENABLE_DEBUG_INFO = YES;
				ONLY_ACTIVE_ARCH = YES;
				SDKROOT = iphoneos;
			};
			name = Debug;
		};
		6489CD1919C4D1EA002226F4 /* Release */ = {
			isa = XCBuildConfiguration;
			buildSettings = {
				ALWAYS_SEARCH_USER_PATHS = NO;
				CLANG_CXX_LANGUAGE_STANDARD = "gnu++0x";
				CLANG_CXX_LIBRARY = "libc++";
				CLANG_ENABLE_MODULES = YES;
				CLANG_ENABLE_OBJC_ARC = YES;
				CLANG_WARN_BOOL_CONVERSION = YES;
				CLANG_WARN_CONSTANT_CONVERSION = YES;
				CLANG_WARN_DIRECT_OBJC_ISA_USAGE = YES_ERROR;
				CLANG_WARN_EMPTY_BODY = YES;
				CLANG_WARN_ENUM_CONVERSION = YES;
				CLANG_WARN_INT_CONVERSION = YES;
				CLANG_WARN_OBJC_ROOT_CLASS = YES_ERROR;
				CLANG_WARN_UNREACHABLE_CODE = YES;
				CLANG_WARN__DUPLICATE_METHOD_MATCH = YES;
				"CODE_SIGN_IDENTITY[sdk=iphoneos*]" = "iPhone Developer";
				COPY_PHASE_STRIP = YES;
				ENABLE_NS_ASSERTIONS = NO;
				ENABLE_STRICT_OBJC_MSGSEND = YES;
				GCC_C_LANGUAGE_STANDARD = gnu99;
				GCC_WARN_64_TO_32_BIT_CONVERSION = YES;
				GCC_WARN_ABOUT_RETURN_TYPE = YES_ERROR;
				GCC_WARN_UNDECLARED_SELECTOR = YES;
				GCC_WARN_UNINITIALIZED_AUTOS = YES_AGGRESSIVE;
				GCC_WARN_UNUSED_FUNCTION = YES;
				GCC_WARN_UNUSED_VARIABLE = YES;
				IPHONEOS_DEPLOYMENT_TARGET = 8.0;
				MTL_ENABLE_DEBUG_INFO = NO;
				SDKROOT = iphoneos;
				VALIDATE_PRODUCT = YES;
			};
			name = Release;
		};
		6489CD1B19C4D1EA002226F4 /* Debug */ = {
			isa = XCBuildConfiguration;
			buildSettings = {
				ASSETCATALOG_COMPILER_APPICON_NAME = AppIcon;
				BUNDLE_LOADER = "";
				CODE_SIGN_IDENTITY = "iPhone Developer";
				"CODE_SIGN_IDENTITY[sdk=iphoneos*]" = "iPhone Developer";
				FRAMEWORK_SEARCH_PATHS = (
					"$(inherited)",
					"$(PROJECT_DIR)/DataTransparency2014TEST",
				);
				INFOPLIST_FILE = DataTransparency2014TEST/Info.plist;
				IPHONEOS_DEPLOYMENT_TARGET = 6.0;
				LD_RUNPATH_SEARCH_PATHS = "$(inherited) @executable_path/Frameworks";
				PRODUCT_NAME = "$(TARGET_NAME)";
				PROVISIONING_PROFILE = "";
			};
			name = Debug;
		};
		6489CD1C19C4D1EA002226F4 /* Release */ = {
			isa = XCBuildConfiguration;
			buildSettings = {
				ASSETCATALOG_COMPILER_APPICON_NAME = AppIcon;
				BUNDLE_LOADER = "";
				CODE_SIGN_IDENTITY = "iPhone Developer";
				"CODE_SIGN_IDENTITY[sdk=iphoneos*]" = "iPhone Developer";
				FRAMEWORK_SEARCH_PATHS = (
					"$(inherited)",
					"$(PROJECT_DIR)/DataTransparency2014TEST",
				);
				INFOPLIST_FILE = DataTransparency2014TEST/Info.plist;
				IPHONEOS_DEPLOYMENT_TARGET = 6.0;
				LD_RUNPATH_SEARCH_PATHS = "$(inherited) @executable_path/Frameworks";
				PRODUCT_NAME = "$(TARGET_NAME)";
				PROVISIONING_PROFILE = "";
			};
			name = Release;
		};
		6489CD1E19C4D1EA002226F4 /* Debug */ = {
			isa = XCBuildConfiguration;
			buildSettings = {
				BUNDLE_LOADER = "$(TEST_HOST)";
				FRAMEWORK_SEARCH_PATHS = (
					"$(SDKROOT)/Developer/Library/Frameworks",
					"$(inherited)",
				);
				GCC_PREPROCESSOR_DEFINITIONS = (
					"DEBUG=1",
					"$(inherited)",
				);
				INFOPLIST_FILE = DataTransparency2014TESTTests/Info.plist;
				LD_RUNPATH_SEARCH_PATHS = "$(inherited) @executable_path/Frameworks @loader_path/Frameworks";
				PRODUCT_NAME = "$(TARGET_NAME)";
				TEST_HOST = "$(BUILT_PRODUCTS_DIR)/DataTransparency2014.app/DataTransparency2014";
			};
			name = Debug;
		};
		6489CD1F19C4D1EA002226F4 /* Release */ = {
			isa = XCBuildConfiguration;
			buildSettings = {
				BUNDLE_LOADER = "$(TEST_HOST)";
				FRAMEWORK_SEARCH_PATHS = (
					"$(SDKROOT)/Developer/Library/Frameworks",
					"$(inherited)",
				);
				INFOPLIST_FILE = DataTransparency2014TESTTests/Info.plist;
				LD_RUNPATH_SEARCH_PATHS = "$(inherited) @executable_path/Frameworks @loader_path/Frameworks";
				PRODUCT_NAME = "$(TARGET_NAME)";
				TEST_HOST = "$(BUILT_PRODUCTS_DIR)/DataTransparency2014.app/DataTransparency2014";
			};
			name = Release;
		};
/* End XCBuildConfiguration section */

/* Begin XCConfigurationList section */
		6489CCF219C4D1EA002226F4 /* Build configuration list for PBXProject "DataTransparency2014" */ = {
			isa = XCConfigurationList;
			buildConfigurations = (
				6489CD1819C4D1EA002226F4 /* Debug */,
				6489CD1919C4D1EA002226F4 /* Release */,
			);
			defaultConfigurationIsVisible = 0;
			defaultConfigurationName = Release;
		};
		6489CD1A19C4D1EA002226F4 /* Build configuration list for PBXNativeTarget "DT2014" */ = {
			isa = XCConfigurationList;
			buildConfigurations = (
				6489CD1B19C4D1EA002226F4 /* Debug */,
				6489CD1C19C4D1EA002226F4 /* Release */,
			);
			defaultConfigurationIsVisible = 0;
			defaultConfigurationName = Release;
		};
		6489CD1D19C4D1EA002226F4 /* Build configuration list for PBXNativeTarget "DataTransparency2014Tests" */ = {
			isa = XCConfigurationList;
			buildConfigurations = (
				6489CD1E19C4D1EA002226F4 /* Debug */,
				6489CD1F19C4D1EA002226F4 /* Release */,
			);
			defaultConfigurationIsVisible = 0;
			defaultConfigurationName = Release;
		};
/* End XCConfigurationList section */
	};
	rootObject = 6489CCEF19C4D1EA002226F4 /* Project object */;
}
